github.com/mikeschinkel/go-cliutil v0.2.1 h1:8wPBSwLV84KhrDXJ2XyJs7/nyUtKTogePC9vBwTmJ1k=
github.com/mikeschinkel/go-cliutil v0.2.1/go.mod h1:MK9TO2oi7hmKbyXmvsGaCLI9tNDl7qZWGA7YUQnrAL4=
github.com/mikeschinkel/go-dt v0.3.1 h1:3UjewCLbcTOgI1s1Z2z3Te5/QYZ/Av5X5PENjavGOK0=
github.com/mikeschinkel/go-dt v0.3.1/go.mod h1:KJYRXePwYdBr57WhtRgDagOb7Ih/ORxE/kG4Mg6c8iE=
github.com/mikeschinkel/go-dt/appinfo v0.2.1 h1:5BB8HQtGFyZ0qCG2DoBSeDBc9CblEJefUoR/4WxZXiw=
github.com/mikeschinkel/go-dt/appinfo v0.2.1/go.mod h1:OW7bt0cwIdM8brbREnLByJJlODESIaHsEY+pvXxDEiQ=
github.com/mikeschinkel/go-dt/dtx v0.2.1 h1:OsFs0kHuEZuSJwGyTI+LDZVABf5pAvcPXDuEI08j5PY=
github.com/mikeschinkel/go-dt/dtx v0.2.1/go.mod h1:mFuyP/9gMzCKaLXhFWOXHngR2ou2jun7yE67NZRBhW8=
