github.com/mikeschinkel/go-cliutil v0.3.0 h1:e8mHPp+zaJ3DSNSgRiH3aRB2kpsFQgRh3VC5D062YLk=
github.com/mikeschinkel/go-cliutil v0.3.0/go.mod h1:uYKSilFUqy6RGtdVexaWxZ5CVfVvdzRhREBPCSontW8=
github.com/mikeschinkel/go-dt v0.3.3 h1:2MkA+WnAL1wWemiwLkSdaBnCxDQSN6WDKOSU+xFE9AI=
github.com/mikeschinkel/go-dt v0.3.3/go.mod h1:KJYRXePwYdBr57WhtRgDagOb7Ih/ORxE/kG4Mg6c8iE=
github.com/mikeschinkel/go-dt/appinfo v0.2.1 h1:5BB8HQtGFyZ0qCG2DoBSeDBc9CblEJefUoR/4WxZXiw=
github.com/mikeschinkel/go-dt/appinfo v0.2.1/go.mod h1:OW7bt0cwIdM8brbREnLByJJlODESIaHsEY+pvXxDEiQ=
github.com/mikeschinkel/go-dt/dtx v0.2.1 h1:OsFs0kHuEZuSJwGyTI+LDZVABf5pAvcPXDuEI08j5PY=
github.com/mikeschinkel/go-dt/dtx v0.2.1/go.mod h1:mFuyP/9gMzCKaLXhFWOXHngR2ou2jun7yE67NZRBhW8=
